{
  "name": "tank_game",
  "lockfileVersion": 3,
  "requires": true,
  "packages": {
    "": {
      "dependencies": {
        "tiled-parser": "^0.1.2",
        "tmx-parser": "^1.5.0"
      }
    },
    "node_modules/lodash": {
      "version": "4.17.21",
      "resolved": "https://registry.npmjs.org/lodash/-/lodash-4.17.21.tgz",
      "integrity": "sha512-v2kDEe57lecTulaDIuNTPy3Ry4gLGJ6Z1O3vE1krgXZNrsQ+LFTGHVxVjcXPs17LhbZVGedAJv8XZ1tvj5FvSg=="
    },
    "node_modules/pend": {
      "version": "1.2.0",
      "resolved": "https://registry.npmjs.org/pend/-/pend-1.2.0.tgz",
      "integrity": "sha512-F3asv42UuXchdzt+xXqfW1OGlVBe+mxa2mqI0pg5yAHZPvFmY3Y6drSf/GQ1A86WgWEN9Kzh/WrgKa6iGcHXLg=="
    },
    "node_modules/sax": {
      "version": "1.1.6",
      "resolved": "https://registry.npmjs.org/sax/-/sax-1.1.6.tgz",
      "integrity": "sha512-8zci48uUQyfqynGDSkUMD7FCJB96hwLnlZOXlgs1l3TX+LW27t3psSWKUxC0fxVgA86i8tL4NwGcY1h/6t3ESg=="
    },
    "node_modules/tiled-parser": {
      "version": "0.1.2",
      "resolved": "https://registry.npmjs.org/tiled-parser/-/tiled-parser-0.1.2.tgz",
      "integrity": "sha512-s0E2ihke0BFxRH6BWxNrK18VFbRlnZEymeyJHM46LKelfJ9/qsszdnHN/9xA0xo4lKt7VxhiBZ57+zliLHl3Ig==",
      "dependencies": {
        "lodash": "^4.17.10"
      }
    },
    "node_modules/tmx-parser": {
      "version": "1.5.0",
      "resolved": "https://registry.npmjs.org/tmx-parser/-/tmx-parser-1.5.0.tgz",
      "integrity": "sha512-vC9ZKfYgoWM3edAwyPiBdcDFQ05ySLXgaXOqkKEOYG+H2CxefoBfsr2ZLLxM0VxxAJps8K3hHOAaFB0QLQJnyw==",
      "dependencies": {
        "pend": "~1.2.0",
        "sax": "~1.1.2"
      }
    }
  }
}
